
Microsoft Visual Studio Solution File, Format Version 12.00
# Visual Studio 2013
VisualStudioVersion = 12.0.31101.0
MinimumVisualStudioVersion = 10.0.40219.1
Project("{FAE04EC0-301F-11D3-BF4B-00C04F79EFBC}") = "AIProject", "AIProject\AIProject.csproj", "{91D48315-1E75-4ADF-AD08-BB981FF6E55D}"
EndProject
Global
	GlobalSection(SolutionConfigurationPlatforms) = preSolution
		Debug|Any CPU = Debug|Any CPU
		Release|Any CPU = Release|Any CPU
	EndGlobalSection
	GlobalSection(ProjectConfigurationPlatforms) = postSolution
		{91D48315-1E75-4ADF-AD08-BB981FF6E55D}.Debug|Any CPU.ActiveCfg = Debug|Any CPU
		{91D48315-1E75-4ADF-AD08-BB981FF6E55D}.Debug|Any CPU.Build.0 = Debug|Any CPU
		{91D48315-1E75-4ADF-AD08-BB981FF6E55D}.Release|Any CPU.ActiveCfg = Release|Any CPU
		{91D48315-1E75-4ADF-AD08-BB981FF6E55D}.Release|Any CPU.Build.0 = Release|Any CPU
	EndGlobalSection
	GlobalSection(SolutionProperties) = preSolution
		HideSolutionNode = FALSE
	EndGlobalSection
EndGlobal
