
Microsoft Visual Studio Solution File, Format Version 12.00
# Visual Studio 2013
VisualStudioVersion = 12.0.31101.0
MinimumVisualStudioVersion = 10.0.40219.1
Project("{FAE04EC0-301F-11D3-BF4B-00C04F79EFBC}") = "SkeletonBasics-WPF", "SkeletonBasics-WPF.csproj", "{8121846D-923E-4BB0-8647-30DA753D156E}"
EndProject
Project("{FAE04EC0-301F-11D3-BF4B-00C04F79EFBC}") = "ANN", "ANN\ANN.csproj", "{93383D78-053B-4995-900D-93E94D254648}"
EndProject
Project("{FAE04EC0-301F-11D3-BF4B-00C04F79EFBC}") = "VoiceControl", "VoiceControl\VoiceControl.csproj", "{FF239B1D-50B4-4768-B012-4D2F893AE56F}"
EndProject
Global
	GlobalSection(SolutionConfigurationPlatforms) = preSolution
		Debug|Any CPU = Debug|Any CPU
		Release|Any CPU = Release|Any CPU
	EndGlobalSection
	GlobalSection(ProjectConfigurationPlatforms) = postSolution
		{8121846D-923E-4BB0-8647-30DA753D156E}.Debug|Any CPU.ActiveCfg = Debug|Any CPU
		{8121846D-923E-4BB0-8647-30DA753D156E}.Debug|Any CPU.Build.0 = Debug|Any CPU
		{8121846D-923E-4BB0-8647-30DA753D156E}.Release|Any CPU.ActiveCfg = Release|Any CPU
		{8121846D-923E-4BB0-8647-30DA753D156E}.Release|Any CPU.Build.0 = Release|Any CPU
		{93383D78-053B-4995-900D-93E94D254648}.Debug|Any CPU.ActiveCfg = Debug|Any CPU
		{93383D78-053B-4995-900D-93E94D254648}.Debug|Any CPU.Build.0 = Debug|Any CPU
		{93383D78-053B-4995-900D-93E94D254648}.Release|Any CPU.ActiveCfg = Release|Any CPU
		{93383D78-053B-4995-900D-93E94D254648}.Release|Any CPU.Build.0 = Release|Any CPU
		{FF239B1D-50B4-4768-B012-4D2F893AE56F}.Debug|Any CPU.ActiveCfg = Debug|Any CPU
		{FF239B1D-50B4-4768-B012-4D2F893AE56F}.Debug|Any CPU.Build.0 = Debug|Any CPU
		{FF239B1D-50B4-4768-B012-4D2F893AE56F}.Release|Any CPU.ActiveCfg = Release|Any CPU
		{FF239B1D-50B4-4768-B012-4D2F893AE56F}.Release|Any CPU.Build.0 = Release|Any CPU
	EndGlobalSection
	GlobalSection(SolutionProperties) = preSolution
		HideSolutionNode = FALSE
	EndGlobalSection
EndGlobal
